{
  "pins" : [
    {
      "identity" : "fileview",
      "kind" : "remoteSourceControl",
      "location" : "https://github.com/ktorimaru/FileView",
      "state" : {
        "revision" : "3805215734e56e46d65bb4b308608ddd4c0bc01c",
        "version" : "0.1.2"
      }
    },
    {
      "identity" : "openaiswift",
      "kind" : "remoteSourceControl",
      "location" : "https://github.com/ktorimaru/OpenAISwift",
      "state" : {
        "branch" : "chat_paring",
        "revision" : "020e65ba070b4edff2f56c3842263f7836753ef2"
      }
    }
  ],
  "version" : 2
}
